
Microsoft Visual Studio Solution File, Format Version 11.00
# Visual Studio 2010
Project("{FAE04EC0-301F-11D3-BF4B-00C04F79EFBC}") = "Mechanect", "Mechanect\Mechanect\Mechanect.csproj", "{381BBF5A-322A-434A-9867-2DEBCA749103}"
EndProject
Project("{FAE04EC0-301F-11D3-BF4B-00C04F79EFBC}") = "MechanectContent", "Mechanect\MechanectContent\MechanectContent.contentproj", "{86D5B048-45DE-4E57-A784-B816A9166EE4}"
EndProject
Project("{FAE04EC0-301F-11D3-BF4B-00C04F79EFBC}") = "GifAnimation", "GifAnimation\GifAnimation.csproj", "{76B7215D-8172-4FF9-A1A9-4989B0D4C15B}"
EndProject
Project("{FAE04EC0-301F-11D3-BF4B-00C04F79EFBC}") = "GifAnimation.Pipeline", "GifAnimation.Pipeline\GifAnimation.Pipeline.csproj", "{9C683759-D9CF-423E-87B1-153097BE2820}"
EndProject
Global
	GlobalSection(SubversionScc) = preSolution
		Svn-Managed = True
		Manager = AnkhSVN - Subversion Support for Visual Studio
	EndGlobalSection
	GlobalSection(SolutionConfigurationPlatforms) = preSolution
		Debug|x86 = Debug|x86
		Release|x86 = Release|x86
	EndGlobalSection
	GlobalSection(ProjectConfigurationPlatforms) = postSolution
		{381BBF5A-322A-434A-9867-2DEBCA749103}.Debug|x86.ActiveCfg = Debug|x86
		{381BBF5A-322A-434A-9867-2DEBCA749103}.Debug|x86.Build.0 = Debug|x86
		{381BBF5A-322A-434A-9867-2DEBCA749103}.Release|x86.ActiveCfg = Release|x86
		{381BBF5A-322A-434A-9867-2DEBCA749103}.Release|x86.Build.0 = Release|x86
		{86D5B048-45DE-4E57-A784-B816A9166EE4}.Debug|x86.ActiveCfg = Debug|x86
		{86D5B048-45DE-4E57-A784-B816A9166EE4}.Release|x86.ActiveCfg = Release|x86
		{76B7215D-8172-4FF9-A1A9-4989B0D4C15B}.Debug|x86.ActiveCfg = Debug|x86
		{76B7215D-8172-4FF9-A1A9-4989B0D4C15B}.Debug|x86.Build.0 = Debug|x86
		{76B7215D-8172-4FF9-A1A9-4989B0D4C15B}.Release|x86.ActiveCfg = Release|x86
		{76B7215D-8172-4FF9-A1A9-4989B0D4C15B}.Release|x86.Build.0 = Release|x86
		{9C683759-D9CF-423E-87B1-153097BE2820}.Debug|x86.ActiveCfg = Debug|x86
		{9C683759-D9CF-423E-87B1-153097BE2820}.Debug|x86.Build.0 = Debug|x86
		{9C683759-D9CF-423E-87B1-153097BE2820}.Release|x86.ActiveCfg = Debug|x86
		{9C683759-D9CF-423E-87B1-153097BE2820}.Release|x86.Build.0 = Debug|x86
	EndGlobalSection
	GlobalSection(SolutionProperties) = preSolution
		HideSolutionNode = FALSE
	EndGlobalSection
EndGlobal
