
Microsoft Visual Studio Solution File, Format Version 11.00
# Visual Studio 2010
Project("{FAE04EC0-301F-11D3-BF4B-00C04F79EFBC}") = "unittest", "unittest\unittest.csproj", "{C998E7C4-7254-45DD-83EF-BF387FC8EDBE}"
EndProject
Global
	GlobalSection(SolutionConfigurationPlatforms) = preSolution
		Debug|x86 = Debug|x86
		Release|x86 = Release|x86
	EndGlobalSection
	GlobalSection(ProjectConfigurationPlatforms) = postSolution
		{C998E7C4-7254-45DD-83EF-BF387FC8EDBE}.Debug|x86.ActiveCfg = Debug|x86
		{C998E7C4-7254-45DD-83EF-BF387FC8EDBE}.Debug|x86.Build.0 = Debug|x86
		{C998E7C4-7254-45DD-83EF-BF387FC8EDBE}.Release|x86.ActiveCfg = Release|x86
		{C998E7C4-7254-45DD-83EF-BF387FC8EDBE}.Release|x86.Build.0 = Release|x86
	EndGlobalSection
	GlobalSection(SolutionProperties) = preSolution
		HideSolutionNode = FALSE
	EndGlobalSection
EndGlobal
