
Microsoft Visual Studio Solution File, Format Version 11.00
# Visual C# Express 2010
Project("{FAE04EC0-301F-11D3-BF4B-00C04F79EFBC}") = "UnitTests2", "UnitTests2\UnitTests2.csproj", "{E7B57026-8D4B-4EF9-A800-D93124C9E48E}"
EndProject
Global
	GlobalSection(SolutionConfigurationPlatforms) = preSolution
		Debug|Any CPU = Debug|Any CPU
		Release|Any CPU = Release|Any CPU
	EndGlobalSection
	GlobalSection(ProjectConfigurationPlatforms) = postSolution
		{E7B57026-8D4B-4EF9-A800-D93124C9E48E}.Debug|Any CPU.ActiveCfg = Debug|Any CPU
		{E7B57026-8D4B-4EF9-A800-D93124C9E48E}.Debug|Any CPU.Build.0 = Debug|Any CPU
		{E7B57026-8D4B-4EF9-A800-D93124C9E48E}.Release|Any CPU.ActiveCfg = Release|Any CPU
		{E7B57026-8D4B-4EF9-A800-D93124C9E48E}.Release|Any CPU.Build.0 = Release|Any CPU
	EndGlobalSection
	GlobalSection(SolutionProperties) = preSolution
		HideSolutionNode = FALSE
	EndGlobalSection
EndGlobal
